
Microsoft Visual Studio Solution File, Format Version 12.00
# Visual Studio 14
VisualStudioVersion = 14.0.25420.1
MinimumVisualStudioVersion = 10.0.40219.1
Project("{FAE04EC0-301F-11D3-BF4B-00C04F79EFBC}") = "Item_WPF", "Item_WPF\Item_WPF.csproj", "{8C6AC1E4-450A-454C-B7E0-3D466B483508}"
EndProject
Project("{FAE04EC0-301F-11D3-BF4B-00C04F79EFBC}") = "GurpsDb", "GurpsDb\GurpsDb.csproj", "{B60ABFD4-3F76-42D4-B270-FD3D02A3ECBB}"
EndProject
Global
	GlobalSection(SolutionConfigurationPlatforms) = preSolution
		Debug|Any CPU = Debug|Any CPU
		Release|Any CPU = Release|Any CPU
	EndGlobalSection
	GlobalSection(ProjectConfigurationPlatforms) = postSolution
		{8C6AC1E4-450A-454C-B7E0-3D466B483508}.Debug|Any CPU.ActiveCfg = Debug|Any CPU
		{8C6AC1E4-450A-454C-B7E0-3D466B483508}.Debug|Any CPU.Build.0 = Debug|Any CPU
		{8C6AC1E4-450A-454C-B7E0-3D466B483508}.Release|Any CPU.ActiveCfg = Release|Any CPU
		{8C6AC1E4-450A-454C-B7E0-3D466B483508}.Release|Any CPU.Build.0 = Release|Any CPU
		{B60ABFD4-3F76-42D4-B270-FD3D02A3ECBB}.Debug|Any CPU.ActiveCfg = Debug|Any CPU
		{B60ABFD4-3F76-42D4-B270-FD3D02A3ECBB}.Debug|Any CPU.Build.0 = Debug|Any CPU
		{B60ABFD4-3F76-42D4-B270-FD3D02A3ECBB}.Release|Any CPU.ActiveCfg = Release|Any CPU
		{B60ABFD4-3F76-42D4-B270-FD3D02A3ECBB}.Release|Any CPU.Build.0 = Release|Any CPU
	EndGlobalSection
	GlobalSection(SolutionProperties) = preSolution
		HideSolutionNode = FALSE
	EndGlobalSection
EndGlobal
